Microsoft Visual Studio Solution File, Format Version 12.00
# Visual Studio 2012
Project("{FAE04EC0-301F-11D3-BF4B-00C04F79EFBC}") = "Project Emptiness", "Project Emptiness.csproj", "{24073B27-C6DA-4592-A271-841AC910CE15}"
EndProject
Global
	GlobalSection(SolutionConfigurationPlatforms) = preSolution
	Debug|Any CPU = Debug|Any CPU
	ExportDebug|Any CPU = ExportDebug|Any CPU
	ExportRelease|Any CPU = ExportRelease|Any CPU
	EndGlobalSection
	GlobalSection(ProjectConfigurationPlatforms) = postSolution
		{24073B27-C6DA-4592-A271-841AC910CE15}.Debug|Any CPU.ActiveCfg = Debug|Any CPU
		{24073B27-C6DA-4592-A271-841AC910CE15}.Debug|Any CPU.Build.0 = Debug|Any CPU
		{24073B27-C6DA-4592-A271-841AC910CE15}.ExportDebug|Any CPU.ActiveCfg = ExportDebug|Any CPU
		{24073B27-C6DA-4592-A271-841AC910CE15}.ExportDebug|Any CPU.Build.0 = ExportDebug|Any CPU
		{24073B27-C6DA-4592-A271-841AC910CE15}.ExportRelease|Any CPU.ActiveCfg = ExportRelease|Any CPU
		{24073B27-C6DA-4592-A271-841AC910CE15}.ExportRelease|Any CPU.Build.0 = ExportRelease|Any CPU
	EndGlobalSection
EndGlobal
